
Microsoft Visual Studio Solution File, Format Version 12.00
# Visual Studio 15
VisualStudioVersion = 15.0.26124.0
MinimumVisualStudioVersion = 15.0.26124.0
Project("{2150E333-8FDC-42A3-9474-1A3956D46DE8}") = "src", "src", "{7F327B48-3FBA-463C-94D8-BE3033E8F1A3}"
EndProject
Project("{F2A71F9B-5D33-465A-A702-920D77279786}") = "FSharp.CosmosDb.Analyzer", "src\FSharp.CosmosDb.Analyzer\FSharp.CosmosDb.Analyzer.fsproj", "{8D36DADB-614C-4538-98D3-D3CEF53C5A5B}"
EndProject
Project("{2150E333-8FDC-42A3-9474-1A3956D46DE8}") = "tests", "tests", "{0F4E0D7B-C46D-455C-AD4C-21B1A1A2227C}"
EndProject
Project("{F2A71F9B-5D33-465A-A702-920D77279786}") = "FSharp.CosmosDb.Analyzer.Tests", "tests\FSharp.CosmosDb.Analyzer.Tests\FSharp.CosmosDb.Analyzer.Tests.fsproj", "{C3745EDF-CBDF-4AE5-844B-12CB7325B49E}"
EndProject
Project("{F2A71F9B-5D33-465A-A702-920D77279786}") = "samples", "tests\samples\samples.fsproj", "{814F5F37-C3AB-43AD-86BC-47056594290E}"
EndProject
Project("{F2A71F9B-5D33-465A-A702-920D77279786}") = "FSharp.CosmosDb", "src\FSharp.CosmosDb\FSharp.CosmosDb.fsproj", "{C39B757E-CB7B-4C95-9C06-7B746AA94BF6}"
EndProject
Project("{2150E333-8FDC-42A3-9474-1A3956D46DE8}") = "samples", "samples", "{6C3151C2-DD3A-4E4B-B3FD-E0292C1DE1A7}"
EndProject
Project("{F2A71F9B-5D33-465A-A702-920D77279786}") = "FSharp.CosmosDb.Samples", "samples\FSharp.CosmosDb.Samples\FSharp.CosmosDb.Samples.fsproj", "{A49F4272-65A7-44C6-8E0C-3C16F74293ED}"
EndProject
Project("{F2A71F9B-5D33-465A-A702-920D77279786}") = "FSharp.CosmosDb.Samples.ChangeFeed", "samples\FSharp.CosmosDb.Samples.ChangeFeed\FSharp.CosmosDb.Samples.ChangeFeed.fsproj", "{739EA0E3-4C43-4F94-8756-CEC5E35A45DB}"
EndProject
Project("{F2A71F9B-5D33-465A-A702-920D77279786}") = "FSharp.CosmosDb.Tests", "tests\FSharp.CosmosDb.Tests\FSharp.CosmosDb.Tests.fsproj", "{0DF985AF-B189-42E8-A613-77F31B425F66}"
EndProject
Global
	GlobalSection(SolutionConfigurationPlatforms) = preSolution
		Debug|Any CPU = Debug|Any CPU
		Debug|x64 = Debug|x64
		Debug|x86 = Debug|x86
		Release|Any CPU = Release|Any CPU
		Release|x64 = Release|x64
		Release|x86 = Release|x86
	EndGlobalSection
	GlobalSection(SolutionProperties) = preSolution
		HideSolutionNode = FALSE
	EndGlobalSection
	GlobalSection(ProjectConfigurationPlatforms) = postSolution
		{8D36DADB-614C-4538-98D3-D3CEF53C5A5B}.Debug|Any CPU.ActiveCfg = Debug|Any CPU
		{8D36DADB-614C-4538-98D3-D3CEF53C5A5B}.Debug|Any CPU.Build.0 = Debug|Any CPU
		{8D36DADB-614C-4538-98D3-D3CEF53C5A5B}.Debug|x64.ActiveCfg = Debug|Any CPU
		{8D36DADB-614C-4538-98D3-D3CEF53C5A5B}.Debug|x64.Build.0 = Debug|Any CPU
		{8D36DADB-614C-4538-98D3-D3CEF53C5A5B}.Debug|x86.ActiveCfg = Debug|Any CPU
		{8D36DADB-614C-4538-98D3-D3CEF53C5A5B}.Debug|x86.Build.0 = Debug|Any CPU
		{8D36DADB-614C-4538-98D3-D3CEF53C5A5B}.Release|Any CPU.ActiveCfg = Release|Any CPU
		{8D36DADB-614C-4538-98D3-D3CEF53C5A5B}.Release|Any CPU.Build.0 = Release|Any CPU
		{8D36DADB-614C-4538-98D3-D3CEF53C5A5B}.Release|x64.ActiveCfg = Release|Any CPU
		{8D36DADB-614C-4538-98D3-D3CEF53C5A5B}.Release|x64.Build.0 = Release|Any CPU
		{8D36DADB-614C-4538-98D3-D3CEF53C5A5B}.Release|x86.ActiveCfg = Release|Any CPU
		{8D36DADB-614C-4538-98D3-D3CEF53C5A5B}.Release|x86.Build.0 = Release|Any CPU
		{C3745EDF-CBDF-4AE5-844B-12CB7325B49E}.Debug|Any CPU.ActiveCfg = Debug|Any CPU
		{C3745EDF-CBDF-4AE5-844B-12CB7325B49E}.Debug|Any CPU.Build.0 = Debug|Any CPU
		{C3745EDF-CBDF-4AE5-844B-12CB7325B49E}.Debug|x64.ActiveCfg = Debug|Any CPU
		{C3745EDF-CBDF-4AE5-844B-12CB7325B49E}.Debug|x64.Build.0 = Debug|Any CPU
		{C3745EDF-CBDF-4AE5-844B-12CB7325B49E}.Debug|x86.ActiveCfg = Debug|Any CPU
		{C3745EDF-CBDF-4AE5-844B-12CB7325B49E}.Debug|x86.Build.0 = Debug|Any CPU
		{C3745EDF-CBDF-4AE5-844B-12CB7325B49E}.Release|Any CPU.ActiveCfg = Release|Any CPU
		{C3745EDF-CBDF-4AE5-844B-12CB7325B49E}.Release|Any CPU.Build.0 = Release|Any CPU
		{C3745EDF-CBDF-4AE5-844B-12CB7325B49E}.Release|x64.ActiveCfg = Release|Any CPU
		{C3745EDF-CBDF-4AE5-844B-12CB7325B49E}.Release|x64.Build.0 = Release|Any CPU
		{C3745EDF-CBDF-4AE5-844B-12CB7325B49E}.Release|x86.ActiveCfg = Release|Any CPU
		{C3745EDF-CBDF-4AE5-844B-12CB7325B49E}.Release|x86.Build.0 = Release|Any CPU
		{814F5F37-C3AB-43AD-86BC-47056594290E}.Debug|Any CPU.ActiveCfg = Debug|Any CPU
		{814F5F37-C3AB-43AD-86BC-47056594290E}.Debug|Any CPU.Build.0 = Debug|Any CPU
		{814F5F37-C3AB-43AD-86BC-47056594290E}.Debug|x64.ActiveCfg = Debug|Any CPU
		{814F5F37-C3AB-43AD-86BC-47056594290E}.Debug|x64.Build.0 = Debug|Any CPU
		{814F5F37-C3AB-43AD-86BC-47056594290E}.Debug|x86.ActiveCfg = Debug|Any CPU
		{814F5F37-C3AB-43AD-86BC-47056594290E}.Debug|x86.Build.0 = Debug|Any CPU
		{814F5F37-C3AB-43AD-86BC-47056594290E}.Release|Any CPU.ActiveCfg = Release|Any CPU
		{814F5F37-C3AB-43AD-86BC-47056594290E}.Release|Any CPU.Build.0 = Release|Any CPU
		{814F5F37-C3AB-43AD-86BC-47056594290E}.Release|x64.ActiveCfg = Release|Any CPU
		{814F5F37-C3AB-43AD-86BC-47056594290E}.Release|x64.Build.0 = Release|Any CPU
		{814F5F37-C3AB-43AD-86BC-47056594290E}.Release|x86.ActiveCfg = Release|Any CPU
		{814F5F37-C3AB-43AD-86BC-47056594290E}.Release|x86.Build.0 = Release|Any CPU
		{C39B757E-CB7B-4C95-9C06-7B746AA94BF6}.Debug|Any CPU.ActiveCfg = Debug|Any CPU
		{C39B757E-CB7B-4C95-9C06-7B746AA94BF6}.Debug|Any CPU.Build.0 = Debug|Any CPU
		{C39B757E-CB7B-4C95-9C06-7B746AA94BF6}.Debug|x64.ActiveCfg = Debug|Any CPU
		{C39B757E-CB7B-4C95-9C06-7B746AA94BF6}.Debug|x64.Build.0 = Debug|Any CPU
		{C39B757E-CB7B-4C95-9C06-7B746AA94BF6}.Debug|x86.ActiveCfg = Debug|Any CPU
		{C39B757E-CB7B-4C95-9C06-7B746AA94BF6}.Debug|x86.Build.0 = Debug|Any CPU
		{C39B757E-CB7B-4C95-9C06-7B746AA94BF6}.Release|Any CPU.ActiveCfg = Release|Any CPU
		{C39B757E-CB7B-4C95-9C06-7B746AA94BF6}.Release|Any CPU.Build.0 = Release|Any CPU
		{C39B757E-CB7B-4C95-9C06-7B746AA94BF6}.Release|x64.ActiveCfg = Release|Any CPU
		{C39B757E-CB7B-4C95-9C06-7B746AA94BF6}.Release|x64.Build.0 = Release|Any CPU
		{C39B757E-CB7B-4C95-9C06-7B746AA94BF6}.Release|x86.ActiveCfg = Release|Any CPU
		{C39B757E-CB7B-4C95-9C06-7B746AA94BF6}.Release|x86.Build.0 = Release|Any CPU
		{A49F4272-65A7-44C6-8E0C-3C16F74293ED}.Debug|Any CPU.ActiveCfg = Debug|Any CPU
		{A49F4272-65A7-44C6-8E0C-3C16F74293ED}.Debug|Any CPU.Build.0 = Debug|Any CPU
		{A49F4272-65A7-44C6-8E0C-3C16F74293ED}.Debug|x64.ActiveCfg = Debug|Any CPU
		{A49F4272-65A7-44C6-8E0C-3C16F74293ED}.Debug|x64.Build.0 = Debug|Any CPU
		{A49F4272-65A7-44C6-8E0C-3C16F74293ED}.Debug|x86.ActiveCfg = Debug|Any CPU
		{A49F4272-65A7-44C6-8E0C-3C16F74293ED}.Debug|x86.Build.0 = Debug|Any CPU
		{A49F4272-65A7-44C6-8E0C-3C16F74293ED}.Release|Any CPU.ActiveCfg = Release|Any CPU
		{A49F4272-65A7-44C6-8E0C-3C16F74293ED}.Release|Any CPU.Build.0 = Release|Any CPU
		{A49F4272-65A7-44C6-8E0C-3C16F74293ED}.Release|x64.ActiveCfg = Release|Any CPU
		{A49F4272-65A7-44C6-8E0C-3C16F74293ED}.Release|x64.Build.0 = Release|Any CPU
		{A49F4272-65A7-44C6-8E0C-3C16F74293ED}.Release|x86.ActiveCfg = Release|Any CPU
		{A49F4272-65A7-44C6-8E0C-3C16F74293ED}.Release|x86.Build.0 = Release|Any CPU
		{739EA0E3-4C43-4F94-8756-CEC5E35A45DB}.Debug|Any CPU.ActiveCfg = Debug|Any CPU
		{739EA0E3-4C43-4F94-8756-CEC5E35A45DB}.Debug|Any CPU.Build.0 = Debug|Any CPU
		{739EA0E3-4C43-4F94-8756-CEC5E35A45DB}.Debug|x64.ActiveCfg = Debug|Any CPU
		{739EA0E3-4C43-4F94-8756-CEC5E35A45DB}.Debug|x64.Build.0 = Debug|Any CPU
		{739EA0E3-4C43-4F94-8756-CEC5E35A45DB}.Debug|x86.ActiveCfg = Debug|Any CPU
		{739EA0E3-4C43-4F94-8756-CEC5E35A45DB}.Debug|x86.Build.0 = Debug|Any CPU
		{739EA0E3-4C43-4F94-8756-CEC5E35A45DB}.Release|Any CPU.ActiveCfg = Release|Any CPU
		{739EA0E3-4C43-4F94-8756-CEC5E35A45DB}.Release|Any CPU.Build.0 = Release|Any CPU
		{739EA0E3-4C43-4F94-8756-CEC5E35A45DB}.Release|x64.ActiveCfg = Release|Any CPU
		{739EA0E3-4C43-4F94-8756-CEC5E35A45DB}.Release|x64.Build.0 = Release|Any CPU
		{739EA0E3-4C43-4F94-8756-CEC5E35A45DB}.Release|x86.ActiveCfg = Release|Any CPU
		{739EA0E3-4C43-4F94-8756-CEC5E35A45DB}.Release|x86.Build.0 = Release|Any CPU
		{0DF985AF-B189-42E8-A613-77F31B425F66}.Debug|Any CPU.ActiveCfg = Debug|Any CPU
		{0DF985AF-B189-42E8-A613-77F31B425F66}.Debug|Any CPU.Build.0 = Debug|Any CPU
		{0DF985AF-B189-42E8-A613-77F31B425F66}.Debug|x64.ActiveCfg = Debug|Any CPU
		{0DF985AF-B189-42E8-A613-77F31B425F66}.Debug|x64.Build.0 = Debug|Any CPU
		{0DF985AF-B189-42E8-A613-77F31B425F66}.Debug|x86.ActiveCfg = Debug|Any CPU
		{0DF985AF-B189-42E8-A613-77F31B425F66}.Debug|x86.Build.0 = Debug|Any CPU
		{0DF985AF-B189-42E8-A613-77F31B425F66}.Release|Any CPU.ActiveCfg = Release|Any CPU
		{0DF985AF-B189-42E8-A613-77F31B425F66}.Release|Any CPU.Build.0 = Release|Any CPU
		{0DF985AF-B189-42E8-A613-77F31B425F66}.Release|x64.ActiveCfg = Release|Any CPU
		{0DF985AF-B189-42E8-A613-77F31B425F66}.Release|x64.Build.0 = Release|Any CPU
		{0DF985AF-B189-42E8-A613-77F31B425F66}.Release|x86.ActiveCfg = Release|Any CPU
		{0DF985AF-B189-42E8-A613-77F31B425F66}.Release|x86.Build.0 = Release|Any CPU
	EndGlobalSection
	GlobalSection(NestedProjects) = preSolution
		{8D36DADB-614C-4538-98D3-D3CEF53C5A5B} = {7F327B48-3FBA-463C-94D8-BE3033E8F1A3}
		{C3745EDF-CBDF-4AE5-844B-12CB7325B49E} = {0F4E0D7B-C46D-455C-AD4C-21B1A1A2227C}
		{814F5F37-C3AB-43AD-86BC-47056594290E} = {0F4E0D7B-C46D-455C-AD4C-21B1A1A2227C}
		{C39B757E-CB7B-4C95-9C06-7B746AA94BF6} = {7F327B48-3FBA-463C-94D8-BE3033E8F1A3}
		{A49F4272-65A7-44C6-8E0C-3C16F74293ED} = {6C3151C2-DD3A-4E4B-B3FD-E0292C1DE1A7}
		{739EA0E3-4C43-4F94-8756-CEC5E35A45DB} = {6C3151C2-DD3A-4E4B-B3FD-E0292C1DE1A7}
		{0DF985AF-B189-42E8-A613-77F31B425F66} = {0F4E0D7B-C46D-455C-AD4C-21B1A1A2227C}
	EndGlobalSection
EndGlobal
